
Microsoft Visual Studio Solution File, Format Version 12.00
# Visual Studio Version 17
VisualStudioVersion = 17.13.35825.156 d17.13
MinimumVisualStudioVersion = 10.0.40219.1
Project("{FAE04EC0-301F-11D3-BF4B-00C04F79EFBC}") = "ContactManagerApp", "ContactManagerApp.csproj", "{7EC6AB0E-C9BA-4D00-A96F-1BC1FCFDD0C4}"
EndProject
Global
	GlobalSection(SolutionConfigurationPlatforms) = preSolution
		Debug|Any CPU = Debug|Any CPU
		Release|Any CPU = Release|Any CPU
	EndGlobalSection
	GlobalSection(ProjectConfigurationPlatforms) = postSolution
		{7EC6AB0E-C9BA-4D00-A96F-1BC1FCFDD0C4}.Debug|Any CPU.ActiveCfg = Debug|Any CPU
		{7EC6AB0E-C9BA-4D00-A96F-1BC1FCFDD0C4}.Debug|Any CPU.Build.0 = Debug|Any CPU
		{7EC6AB0E-C9BA-4D00-A96F-1BC1FCFDD0C4}.Release|Any CPU.ActiveCfg = Release|Any CPU
		{7EC6AB0E-C9BA-4D00-A96F-1BC1FCFDD0C4}.Release|Any CPU.Build.0 = Release|Any CPU
	EndGlobalSection
	GlobalSection(SolutionProperties) = preSolution
		HideSolutionNode = FALSE
	EndGlobalSection
	GlobalSection(ExtensibilityGlobals) = postSolution
		SolutionGuid = {63907E24-F889-4066-BD67-A5F11D2F1567}
	EndGlobalSection
EndGlobal
